// !$*UTF8*$!
{
	archiveVersion = 1;
	classes = {
	};
	objectVersion = 46;
	objects = {

/* Begin PBXBuildFile section */
		0E02D2E01E6D952600D886AE /* LoginViewController.swift in Sources */ = {isa = PBXBuildFile; fileRef = 0E02D2DF1E6D952600D886AE /* LoginViewController.swift */; };
		0EB56AB91E6D788B0039E5CC /* AppDelegate.swift in Sources */ = {isa = PBXBuildFile; fileRef = 0EB56AB81E6D788B0039E5CC /* AppDelegate.swift */; };
		0EB56ABB1E6D788B0039E5CC /* ViewController.swift in Sources */ = {isa = PBXBuildFile; fileRef = 0EB56ABA1E6D788B0039E5CC /* ViewController.swift */; };
		0EB56ABE1E6D788B0039E5CC /* Main.storyboard in Resources */ = {isa = PBXBuildFile; fileRef = 0EB56ABC1E6D788B0039E5CC /* Main.storyboard */; };
		0EB56AC01E6D788B0039E5CC /* Assets.xcassets in Resources */ = {isa = PBXBuildFile; fileRef = 0EB56ABF1E6D788B0039E5CC /* Assets.xcassets */; };
		0EB56AC31E6D788B0039E5CC /* LaunchScreen.storyboard in Resources */ = {isa = PBXBuildFile; fileRef = 0EB56AC11E6D788B0039E5CC /* LaunchScreen.storyboard */; };
		0EB56ACE1E6D788B0039E5CC /* EMPTests.swift in Sources */ = {isa = PBXBuildFile; fileRef = 0EB56ACD1E6D788B0039E5CC /* EMPTests.swift */; };
		0EB56AD91E6D788B0039E5CC /* EMPUITests.swift in Sources */ = {isa = PBXBuildFile; fileRef = 0EB56AD81E6D788B0039E5CC /* EMPUITests.swift */; };
		0EB56AE81E6D90A50039E5CC /* bg.jpg in Resources */ = {isa = PBXBuildFile; fileRef = 0EB56AE71E6D90A50039E5CC /* bg.jpg */; };
		0EC57C011E7121A100B247E0 /* Util.swift in Sources */ = {isa = PBXBuildFile; fileRef = 0EC57C001E7121A100B247E0 /* Util.swift */; };
		0EC57C041E7121FF00B247E0 /* libsqlite3.0.tbd in Frameworks */ = {isa = PBXBuildFile; fileRef = 0EC57C031E7121FF00B247E0 /* libsqlite3.0.tbd */; };
		0EC57C081E71240E00B247E0 /* ModelManager.swift in Sources */ = {isa = PBXBuildFile; fileRef = 0EC57C071E71240E00B247E0 /* ModelManager.swift */; };
		0EC57C101E71254200B247E0 /* FMDatabase.m in Sources */ = {isa = PBXBuildFile; fileRef = 0EC57C0A1E71254200B247E0 /* FMDatabase.m */; settings = {COMPILER_FLAGS = "-fno-objc-arc"; }; };
		0EC57C111E71254200B247E0 /* FMDatabaseAdditions.m in Sources */ = {isa = PBXBuildFile; fileRef = 0EC57C0C1E71254200B247E0 /* FMDatabaseAdditions.m */; settings = {COMPILER_FLAGS = "-fno-objc-arc"; }; };
		0EC57C121E71254200B247E0 /* fmdb.txt in Resources */ = {isa = PBXBuildFile; fileRef = 0EC57C0D1E71254200B247E0 /* fmdb.txt */; };
		0EC57C131E71254200B247E0 /* FMResultSet.m in Sources */ = {isa = PBXBuildFile; fileRef = 0EC57C0F1E71254200B247E0 /* FMResultSet.m */; settings = {COMPILER_FLAGS = "-fno-objc-arc"; }; };
		0EC57C151E712AE600B247E0 /* EMP.sqlite in Resources */ = {isa = PBXBuildFile; fileRef = 0EC57C141E712AE600B247E0 /* EMP.sqlite */; };
		0EC57C1A1E715F5C00B247E0 /* MJSnackBar.swift in Sources */ = {isa = PBXBuildFile; fileRef = 0EC57C171E715F5C00B247E0 /* MJSnackBar.swift */; };
		0EC57C1B1E715F5C00B247E0 /* MJSnackBarData.swift in Sources */ = {isa = PBXBuildFile; fileRef = 0EC57C181E715F5C00B247E0 /* MJSnackBarData.swift */; };
		0EC57C1C1E715F5C00B247E0 /* MJSnackBarDelegate.swift in Sources */ = {isa = PBXBuildFile; fileRef = 0EC57C191E715F5C00B247E0 /* MJSnackBarDelegate.swift */; };
		0EF740561E6EB977006954EC /* power-button.png in Resources */ = {isa = PBXBuildFile; fileRef = 0EF740551E6EB977006954EC /* power-button.png */; };
		0EFBAB1F1E6E8D7C0074277D /* RegistrationViewController.swift in Sources */ = {isa = PBXBuildFile; fileRef = 0EFBAB1E1E6E8D7C0074277D /* RegistrationViewController.swift */; };
		0EFBAB211E6E8D870074277D /* EmployeeListViewController.swift in Sources */ = {isa = PBXBuildFile; fileRef = 0EFBAB201E6E8D870074277D /* EmployeeListViewController.swift */; };
		0EFBAB231E6E8D920074277D /* EmployeeDetailViewController.swift in Sources */ = {isa = PBXBuildFile; fileRef = 0EFBAB221E6E8D920074277D /* EmployeeDetailViewController.swift */; };
		0EFBAB251E6E930B0074277D /* back.png in Resources */ = {isa = PBXBuildFile; fileRef = 0EFBAB241E6E930B0074277D /* back.png */; };
		0EFBAB271E6EAADF0074277D /* phone-call.png in Resources */ = {isa = PBXBuildFile; fileRef = 0EFBAB261E6EAADF0074277D /* phone-call.png */; };
		0EFBAB291E6EAB2A0074277D /* EmployeeTableViewCell.swift in Sources */ = {isa = PBXBuildFile; fileRef = 0EFBAB281E6EAB2A0074277D /* EmployeeTableViewCell.swift */; };
/* End PBXBuildFile section */

/* Begin PBXContainerItemProxy section */
		0EB56ACA1E6D788B0039E5CC /* PBXContainerItemProxy */ = {
			isa = PBXContainerItemProxy;
			containerPortal = 0EB56AAD1E6D788B0039E5CC /* Project object */;
			proxyType = 1;
			remoteGlobalIDString = 0EB56AB41E6D788B0039E5CC;
			remoteInfo = EMP;
		};
		0EB56AD51E6D788B0039E5CC /* PBXContainerItemProxy */ = {
			isa = PBXContainerItemProxy;
			containerPortal = 0EB56AAD1E6D788B0039E5CC /* Project object */;
			proxyType = 1;
			remoteGlobalIDString = 0EB56AB41E6D788B0039E5CC;
			remoteInfo = EMP;
		};
/* End PBXContainerItemProxy section */

/* Begin PBXFileReference section */
		0E02D2DF1E6D952600D886AE /* LoginViewController.swift */ = {isa = PBXFileReference; fileEncoding = 4; lastKnownFileType = sourcecode.swift; path = LoginViewController.swift; sourceTree = "<group>"; };
		0EB56AB51E6D788B0039E5CC /* EMP.app */ = {isa = PBXFileReference; explicitFileType = wrapper.application; includeInIndex = 0; path = EMP.app; sourceTree = BUILT_PRODUCTS_DIR; };
		0EB56AB81E6D788B0039E5CC /* AppDelegate.swift */ = {isa = PBXFileReference; lastKnownFileType = sourcecode.swift; path = AppDelegate.swift; sourceTree = "<group>"; };
		0EB56ABA1E6D788B0039E5CC /* ViewController.swift */ = {isa = PBXFileReference; lastKnownFileType = sourcecode.swift; path = ViewController.swift; sourceTree = "<group>"; };
		0EB56ABD1E6D788B0039E5CC /* Base */ = {isa = PBXFileReference; lastKnownFileType = file.storyboard; name = Base; path = Base.lproj/Main.storyboard; sourceTree = "<group>"; };
		0EB56ABF1E6D788B0039E5CC /* Assets.xcassets */ = {isa = PBXFileReference; lastKnownFileType = folder.assetcatalog; path = Assets.xcassets; sourceTree = "<group>"; };
		0EB56AC21E6D788B0039E5CC /* Base */ = {isa = PBXFileReference; lastKnownFileType = file.storyboard; name = Base; path = Base.lproj/LaunchScreen.storyboard; sourceTree = "<group>"; };
		0EB56AC41E6D788B0039E5CC /* Info.plist */ = {isa = PBXFileReference; lastKnownFileType = text.plist.xml; path = Info.plist; sourceTree = "<group>"; };
		0EB56AC91E6D788B0039E5CC /* EMPTests.xctest */ = {isa = PBXFileReference; explicitFileType = wrapper.cfbundle; includeInIndex = 0; path = EMPTests.xctest; sourceTree = BUILT_PRODUCTS_DIR; };
		0EB56ACD1E6D788B0039E5CC /* EMPTests.swift */ = {isa = PBXFileReference; lastKnownFileType = sourcecode.swift; path = EMPTests.swift; sourceTree = "<group>"; };
		0EB56ACF1E6D788B0039E5CC /* Info.plist */ = {isa = PBXFileReference; lastKnownFileType = text.plist.xml; path = Info.plist; sourceTree = "<group>"; };
		0EB56AD41E6D788B0039E5CC /* EMPUITests.xctest */ = {isa = PBXFileReference; explicitFileType = wrapper.cfbundle; includeInIndex = 0; path = EMPUITests.xctest; sourceTree = BUILT_PRODUCTS_DIR; };
		0EB56AD81E6D788B0039E5CC /* EMPUITests.swift */ = {isa = PBXFileReference; lastKnownFileType = sourcecode.swift; path = EMPUITests.swift; sourceTree = "<group>"; };
		0EB56ADA1E6D788B0039E5CC /* Info.plist */ = {isa = PBXFileReference; lastKnownFileType = text.plist.xml; path = Info.plist; sourceTree = "<group>"; };
		0EB56AE71E6D90A50039E5CC /* bg.jpg */ = {isa = PBXFileReference; lastKnownFileType = image.jpeg; path = bg.jpg; sourceTree = "<group>"; };
		0EC57BEF1E71215E00B247E0 /* EMP-Bridging-Header.h */ = {isa = PBXFileReference; lastKnownFileType = sourcecode.c.h; path = "EMP-Bridging-Header.h"; sourceTree = SOURCE_ROOT; };
		0EC57C001E7121A100B247E0 /* Util.swift */ = {isa = PBXFileReference; fileEncoding = 4; lastKnownFileType = sourcecode.swift; path = Util.swift; sourceTree = "<group>"; };
		0EC57C031E7121FF00B247E0 /* libsqlite3.0.tbd */ = {isa = PBXFileReference; lastKnownFileType = "sourcecode.text-based-dylib-definition"; name = libsqlite3.0.tbd; path = usr/lib/libsqlite3.0.tbd; sourceTree = SDKROOT; };
		0EC57C071E71240E00B247E0 /* ModelManager.swift */ = {isa = PBXFileReference; fileEncoding = 4; lastKnownFileType = sourcecode.swift; path = ModelManager.swift; sourceTree = "<group>"; };
		0EC57C091E71254200B247E0 /* FMDatabase.h */ = {isa = PBXFileReference; fileEncoding = 4; lastKnownFileType = sourcecode.c.h; path = FMDatabase.h; sourceTree = "<group>"; };
		0EC57C0A1E71254200B247E0 /* FMDatabase.m */ = {isa = PBXFileReference; fileEncoding = 4; lastKnownFileType = sourcecode.c.objc; path = FMDatabase.m; sourceTree = "<group>"; };
		0EC57C0B1E71254200B247E0 /* FMDatabaseAdditions.h */ = {isa = PBXFileReference; fileEncoding = 4; lastKnownFileType = sourcecode.c.h; path = FMDatabaseAdditions.h; sourceTree = "<group>"; };
		0EC57C0C1E71254200B247E0 /* FMDatabaseAdditions.m */ = {isa = PBXFileReference; fileEncoding = 4; lastKnownFileType = sourcecode.c.objc; path = FMDatabaseAdditions.m; sourceTree = "<group>"; };
		0EC57C0D1E71254200B247E0 /* fmdb.txt */ = {isa = PBXFileReference; fileEncoding = 4; lastKnownFileType = text; path = fmdb.txt; sourceTree = "<group>"; };
		0EC57C0E1E71254200B247E0 /* FMResultSet.h */ = {isa = PBXFileReference; fileEncoding = 4; lastKnownFileType = sourcecode.c.h; path = FMResultSet.h; sourceTree = "<group>"; };
		0EC57C0F1E71254200B247E0 /* FMResultSet.m */ = {isa = PBXFileReference; fileEncoding = 4; lastKnownFileType = sourcecode.c.objc; path = FMResultSet.m; sourceTree = "<group>"; };
		0EC57C141E712AE600B247E0 /* EMP.sqlite */ = {isa = PBXFileReference; lastKnownFileType = file; path = EMP.sqlite; sourceTree = "<group>"; };
		0EC57C171E715F5C00B247E0 /* MJSnackBar.swift */ = {isa = PBXFileReference; fileEncoding = 4; lastKnownFileType = sourcecode.swift; path = MJSnackBar.swift; sourceTree = "<group>"; };
		0EC57C181E715F5C00B247E0 /* MJSnackBarData.swift */ = {isa = PBXFileReference; fileEncoding = 4; lastKnownFileType = sourcecode.swift; path = MJSnackBarData.swift; sourceTree = "<group>"; };
		0EC57C191E715F5C00B247E0 /* MJSnackBarDelegate.swift */ = {isa = PBXFileReference; fileEncoding = 4; lastKnownFileType = sourcecode.swift; path = MJSnackBarDelegate.swift; sourceTree = "<group>"; };
		0EF740551E6EB977006954EC /* power-button.png */ = {isa = PBXFileReference; lastKnownFileType = image.png; path = "power-button.png"; sourceTree = "<group>"; };
		0EFBAB1E1E6E8D7C0074277D /* RegistrationViewController.swift */ = {isa = PBXFileReference; fileEncoding = 4; lastKnownFileType = sourcecode.swift; path = RegistrationViewController.swift; sourceTree = "<group>"; };
		0EFBAB201E6E8D870074277D /* EmployeeListViewController.swift */ = {isa = PBXFileReference; fileEncoding = 4; lastKnownFileType = sourcecode.swift; path = EmployeeListViewController.swift; sourceTree = "<group>"; };
		0EFBAB221E6E8D920074277D /* EmployeeDetailViewController.swift */ = {isa = PBXFileReference; fileEncoding = 4; lastKnownFileType = sourcecode.swift; path = EmployeeDetailViewController.swift; sourceTree = "<group>"; };
		0EFBAB241E6E930B0074277D /* back.png */ = {isa = PBXFileReference; lastKnownFileType = image.png; path = back.png; sourceTree = "<group>"; };
		0EFBAB261E6EAADF0074277D /* phone-call.png */ = {isa = PBXFileReference; lastKnownFileType = image.png; path = "phone-call.png"; sourceTree = "<group>"; };
		0EFBAB281E6EAB2A0074277D /* EmployeeTableViewCell.swift */ = {isa = PBXFileReference; fileEncoding = 4; lastKnownFileType = sourcecode.swift; path = EmployeeTableViewCell.swift; sourceTree = "<group>"; };
/* End PBXFileReference section */

/* Begin PBXFrameworksBuildPhase section */
		0EB56AB21E6D788B0039E5CC /* Frameworks */ = {
			isa = PBXFrameworksBuildPhase;
			buildActionMask = 2147483647;
			files = (
				0EC57C041E7121FF00B247E0 /* libsqlite3.0.tbd in Frameworks */,
			);
			runOnlyForDeploymentPostprocessing = 0;
		};
		0EB56AC61E6D788B0039E5CC /* Frameworks */ = {
			isa = PBXFrameworksBuildPhase;
			buildActionMask = 2147483647;
			files = (
			);
			runOnlyForDeploymentPostprocessing = 0;
		};
		0EB56AD11E6D788B0039E5CC /* Frameworks */ = {
			isa = PBXFrameworksBuildPhase;
			buildActionMask = 2147483647;
			files = (
			);
			runOnlyForDeploymentPostprocessing = 0;
		};
/* End PBXFrameworksBuildPhase section */

/* Begin PBXGroup section */
		0EB56AAC1E6D788B0039E5CC = {
			isa = PBXGroup;
			children = (
				0EC57C141E712AE600B247E0 /* EMP.sqlite */,
				0EC57BED1E71212E00B247E0 /* Third Party */,
				0EB56AE91E6D94AE0039E5CC /* Controller */,
				0EB56AE61E6D907B0039E5CC /* resource */,
				0EB56AB71E6D788B0039E5CC /* EMP */,
				0EB56ACC1E6D788B0039E5CC /* EMPTests */,
				0EB56AD71E6D788B0039E5CC /* EMPUITests */,
				0EB56AB61E6D788B0039E5CC /* Products */,
				0EC57C021E7121FF00B247E0 /* Frameworks */,
			);
			sourceTree = "<group>";
		};
		0EB56AB61E6D788B0039E5CC /* Products */ = {
			isa = PBXGroup;
			children = (
				0EB56AB51E6D788B0039E5CC /* EMP.app */,
				0EB56AC91E6D788B0039E5CC /* EMPTests.xctest */,
				0EB56AD41E6D788B0039E5CC /* EMPUITests.xctest */,
			);
			name = Products;
			sourceTree = "<group>";
		};
		0EB56AB71E6D788B0039E5CC /* EMP */ = {
			isa = PBXGroup;
			children = (
				0EB56AB81E6D788B0039E5CC /* AppDelegate.swift */,
				0EB56ABA1E6D788B0039E5CC /* ViewController.swift */,
				0EB56ABC1E6D788B0039E5CC /* Main.storyboard */,
				0EB56ABF1E6D788B0039E5CC /* Assets.xcassets */,
				0EB56AC11E6D788B0039E5CC /* LaunchScreen.storyboard */,
				0EC57BEF1E71215E00B247E0 /* EMP-Bridging-Header.h */,
				0EB56AC41E6D788B0039E5CC /* Info.plist */,
			);
			path = EMP;
			sourceTree = "<group>";
		};
		0EB56ACC1E6D788B0039E5CC /* EMPTests */ = {
			isa = PBXGroup;
			children = (
				0EB56ACD1E6D788B0039E5CC /* EMPTests.swift */,
				0EB56ACF1E6D788B0039E5CC /* Info.plist */,
			);
			path = EMPTests;
			sourceTree = "<group>";
		};
		0EB56AD71E6D788B0039E5CC /* EMPUITests */ = {
			isa = PBXGroup;
			children = (
				0EB56AD81E6D788B0039E5CC /* EMPUITests.swift */,
				0EB56ADA1E6D788B0039E5CC /* Info.plist */,
			);
			path = EMPUITests;
			sourceTree = "<group>";
		};
		0EB56AE61E6D907B0039E5CC /* resource */ = {
			isa = PBXGroup;
			children = (
				0EF740551E6EB977006954EC /* power-button.png */,
				0EFBAB261E6EAADF0074277D /* phone-call.png */,
				0EFBAB241E6E930B0074277D /* back.png */,
				0EB56AE71E6D90A50039E5CC /* bg.jpg */,
			);
			name = resource;
			sourceTree = "<group>";
		};
		0EB56AE91E6D94AE0039E5CC /* Controller */ = {
			isa = PBXGroup;
			children = (
				0E02D2DF1E6D952600D886AE /* LoginViewController.swift */,
				0EFBAB1E1E6E8D7C0074277D /* RegistrationViewController.swift */,
				0EFBAB201E6E8D870074277D /* EmployeeListViewController.swift */,
				0EFBAB221E6E8D920074277D /* EmployeeDetailViewController.swift */,
				0EFBAB281E6EAB2A0074277D /* EmployeeTableViewCell.swift */,
			);
			name = Controller;
			sourceTree = "<group>";
		};
		0EC57BED1E71212E00B247E0 /* Third Party */ = {
			isa = PBXGroup;
			children = (
				0EC57C161E715F1C00B247E0 /* MKSnackbar */,
				0EC57C071E71240E00B247E0 /* ModelManager.swift */,
				0EC57C001E7121A100B247E0 /* Util.swift */,
				0EC57BEE1E71213800B247E0 /* FMDB */,
			);
			name = "Third Party";
			sourceTree = "<group>";
		};
		0EC57BEE1E71213800B247E0 /* FMDB */ = {
			isa = PBXGroup;
			children = (
				0EC57C091E71254200B247E0 /* FMDatabase.h */,
				0EC57C0A1E71254200B247E0 /* FMDatabase.m */,
				0EC57C0B1E71254200B247E0 /* FMDatabaseAdditions.h */,
				0EC57C0C1E71254200B247E0 /* FMDatabaseAdditions.m */,
				0EC57C0D1E71254200B247E0 /* fmdb.txt */,
				0EC57C0E1E71254200B247E0 /* FMResultSet.h */,
				0EC57C0F1E71254200B247E0 /* FMResultSet.m */,
			);
			name = FMDB;
			sourceTree = "<group>";
		};
		0EC57C021E7121FF00B247E0 /* Frameworks */ = {
			isa = PBXGroup;
			children = (
				0EC57C031E7121FF00B247E0 /* libsqlite3.0.tbd */,
			);
			name = Frameworks;
			sourceTree = "<group>";
		};
		0EC57C161E715F1C00B247E0 /* MKSnackbar */ = {
			isa = PBXGroup;
			children = (
				0EC57C171E715F5C00B247E0 /* MJSnackBar.swift */,
				0EC57C181E715F5C00B247E0 /* MJSnackBarData.swift */,
				0EC57C191E715F5C00B247E0 /* MJSnackBarDelegate.swift */,
			);
			name = MKSnackbar;
			sourceTree = "<group>";
		};
/* End PBXGroup section */

/* Begin PBXNativeTarget section */
		0EB56AB41E6D788B0039E5CC /* EMP */ = {
			isa = PBXNativeTarget;
			buildConfigurationList = 0EB56ADD1E6D788B0039E5CC /* Build configuration list for PBXNativeTarget "EMP" */;
			buildPhases = (
				0EB56AB11E6D788B0039E5CC /* Sources */,
				0EB56AB21E6D788B0039E5CC /* Frameworks */,
				0EB56AB31E6D788B0039E5CC /* Resources */,
			);
			buildRules = (
			);
			dependencies = (
			);
			name = EMP;
			productName = EMP;
			productReference = 0EB56AB51E6D788B0039E5CC /* EMP.app */;
			productType = "com.apple.product-type.application";
		};
		0EB56AC81E6D788B0039E5CC /* EMPTests */ = {
			isa = PBXNativeTarget;
			buildConfigurationList = 0EB56AE01E6D788B0039E5CC /* Build configuration list for PBXNativeTarget "EMPTests" */;
			buildPhases = (
				0EB56AC51E6D788B0039E5CC /* Sources */,
				0EB56AC61E6D788B0039E5CC /* Frameworks */,
				0EB56AC71E6D788B0039E5CC /* Resources */,
			);
			buildRules = (
			);
			dependencies = (
				0EB56ACB1E6D788B0039E5CC /* PBXTargetDependency */,
			);
			name = EMPTests;
			productName = EMPTests;
			productReference = 0EB56AC91E6D788B0039E5CC /* EMPTests.xctest */;
			productType = "com.apple.product-type.bundle.unit-test";
		};
		0EB56AD31E6D788B0039E5CC /* EMPUITests */ = {
			isa = PBXNativeTarget;
			buildConfigurationList = 0EB56AE31E6D788B0039E5CC /* Build configuration list for PBXNativeTarget "EMPUITests" */;
			buildPhases = (
				0EB56AD01E6D788B0039E5CC /* Sources */,
				0EB56AD11E6D788B0039E5CC /* Frameworks */,
				0EB56AD21E6D788B0039E5CC /* Resources */,
			);
			buildRules = (
			);
			dependencies = (
				0EB56AD61E6D788B0039E5CC /* PBXTargetDependency */,
			);
			name = EMPUITests;
			productName = EMPUITests;
			productReference = 0EB56AD41E6D788B0039E5CC /* EMPUITests.xctest */;
			productType = "com.apple.product-type.bundle.ui-testing";
		};
/* End PBXNativeTarget section */

/* Begin PBXProject section */
		0EB56AAD1E6D788B0039E5CC /* Project object */ = {
			isa = PBXProject;
			attributes = {
				LastSwiftUpdateCheck = 0820;
				LastUpgradeCheck = 0820;
				ORGANIZATIONNAME = Webmyne;
				TargetAttributes = {
					0EB56AB41E6D788B0039E5CC = {
						CreatedOnToolsVersion = 8.2.1;
						DevelopmentTeam = 4NS8D3NZ2F;
						LastSwiftMigration = 0820;
						ProvisioningStyle = Automatic;
					};
					0EB56AC81E6D788B0039E5CC = {
						CreatedOnToolsVersion = 8.2.1;
						DevelopmentTeam = 4NS8D3NZ2F;
						ProvisioningStyle = Automatic;
						TestTargetID = 0EB56AB41E6D788B0039E5CC;
					};
					0EB56AD31E6D788B0039E5CC = {
						CreatedOnToolsVersion = 8.2.1;
						DevelopmentTeam = 4NS8D3NZ2F;
						ProvisioningStyle = Automatic;
						TestTargetID = 0EB56AB41E6D788B0039E5CC;
					};
				};
			};
			buildConfigurationList = 0EB56AB01E6D788B0039E5CC /* Build configuration list for PBXProject "EMP" */;
			compatibilityVersion = "Xcode 3.2";
			developmentRegion = English;
			hasScannedForEncodings = 0;
			knownRegions = (
				en,
				Base,
			);
			mainGroup = 0EB56AAC1E6D788B0039E5CC;
			productRefGroup = 0EB56AB61E6D788B0039E5CC /* Products */;
			projectDirPath = "";
			projectRoot = "";
			targets = (
				0EB56AB41E6D788B0039E5CC /* EMP */,
				0EB56AC81E6D788B0039E5CC /* EMPTests */,
				0EB56AD31E6D788B0039E5CC /* EMPUITests */,
			);
		};
/* End PBXProject section */

/* Begin PBXResourcesBuildPhase section */
		0EB56AB31E6D788B0039E5CC /* Resources */ = {
			isa = PBXResourcesBuildPhase;
			buildActionMask = 2147483647;
			files = (
				0EFBAB271E6EAADF0074277D /* phone-call.png in Resources */,
				0EB56AC31E6D788B0039E5CC /* LaunchScreen.storyboard in Resources */,
				0EFBAB251E6E930B0074277D /* back.png in Resources */,
				0EB56AC01E6D788B0039E5CC /* Assets.xcassets in Resources */,
				0EF740561E6EB977006954EC /* power-button.png in Resources */,
				0EC57C151E712AE600B247E0 /* EMP.sqlite in Resources */,
				0EB56AE81E6D90A50039E5CC /* bg.jpg in Resources */,
				0EC57C121E71254200B247E0 /* fmdb.txt in Resources */,
				0EB56ABE1E6D788B0039E5CC /* Main.storyboard in Resources */,
			);
			runOnlyForDeploymentPostprocessing = 0;
		};
		0EB56AC71E6D788B0039E5CC /* Resources */ = {
			isa = PBXResourcesBuildPhase;
			buildActionMask = 2147483647;
			files = (
			);
			runOnlyForDeploymentPostprocessing = 0;
		};
		0EB56AD21E6D788B0039E5CC /* Resources */ = {
			isa = PBXResourcesBuildPhase;
			buildActionMask = 2147483647;
			files = (
			);
			runOnlyForDeploymentPostprocessing = 0;
		};
/* End PBXResourcesBuildPhase section */

/* Begin PBXSourcesBuildPhase section */
		0EB56AB11E6D788B0039E5CC /* Sources */ = {
			isa = PBXSourcesBuildPhase;
			buildActionMask = 2147483647;
			files = (
				0EC57C1A1E715F5C00B247E0 /* MJSnackBar.swift in Sources */,
				0EFBAB211E6E8D870074277D /* EmployeeListViewController.swift in Sources */,
				0EFBAB291E6EAB2A0074277D /* EmployeeTableViewCell.swift in Sources */,
				0E02D2E01E6D952600D886AE /* LoginViewController.swift in Sources */,
				0EC57C101E71254200B247E0 /* FMDatabase.m in Sources */,
				0EC57C1B1E715F5C00B247E0 /* MJSnackBarData.swift in Sources */,
				0EC57C081E71240E00B247E0 /* ModelManager.swift in Sources */,
				0EB56ABB1E6D788B0039E5CC /* ViewController.swift in Sources */,
				0EC57C1C1E715F5C00B247E0 /* MJSnackBarDelegate.swift in Sources */,
				0EC57C131E71254200B247E0 /* FMResultSet.m in Sources */,
				0EFBAB1F1E6E8D7C0074277D /* RegistrationViewController.swift in Sources */,
				0EC57C111E71254200B247E0 /* FMDatabaseAdditions.m in Sources */,
				0EC57C011E7121A100B247E0 /* Util.swift in Sources */,
				0EB56AB91E6D788B0039E5CC /* AppDelegate.swift in Sources */,
				0EFBAB231E6E8D920074277D /* EmployeeDetailViewController.swift in Sources */,
			);
			runOnlyForDeploymentPostprocessing = 0;
		};
		0EB56AC51E6D788B0039E5CC /* Sources */ = {
			isa = PBXSourcesBuildPhase;
			buildActionMask = 2147483647;
			files = (
				0EB56ACE1E6D788B0039E5CC /* EMPTests.swift in Sources */,
			);
			runOnlyForDeploymentPostprocessing = 0;
		};
		0EB56AD01E6D788B0039E5CC /* Sources */ = {
			isa = PBXSourcesBuildPhase;
			buildActionMask = 2147483647;
			files = (
				0EB56AD91E6D788B0039E5CC /* EMPUITests.swift in Sources */,
			);
			runOnlyForDeploymentPostprocessing = 0;
		};
/* End PBXSourcesBuildPhase section */

/* Begin PBXTargetDependency section */
		0EB56ACB1E6D788B0039E5CC /* PBXTargetDependency */ = {
			isa = PBXTargetDependency;
			target = 0EB56AB41E6D788B0039E5CC /* EMP */;
			targetProxy = 0EB56ACA1E6D788B0039E5CC /* PBXContainerItemProxy */;
		};
		0EB56AD61E6D788B0039E5CC /* PBXTargetDependency */ = {
			isa = PBXTargetDependency;
			target = 0EB56AB41E6D788B0039E5CC /* EMP */;
			targetProxy = 0EB56AD51E6D788B0039E5CC /* PBXContainerItemProxy */;
		};
/* End PBXTargetDependency section */

/* Begin PBXVariantGroup section */
		0EB56ABC1E6D788B0039E5CC /* Main.storyboard */ = {
			isa = PBXVariantGroup;
			children = (
				0EB56ABD1E6D788B0039E5CC /* Base */,
			);
			name = Main.storyboard;
			sourceTree = "<group>";
		};
		0EB56AC11E6D788B0039E5CC /* LaunchScreen.storyboard */ = {
			isa = PBXVariantGroup;
			children = (
				0EB56AC21E6D788B0039E5CC /* Base */,
			);
			name = LaunchScreen.storyboard;
			sourceTree = "<group>";
		};
/* End PBXVariantGroup section */

/* Begin XCBuildConfiguration section */
		0EB56ADB1E6D788B0039E5CC /* Debug */ = {
			isa = XCBuildConfiguration;
			buildSettings = {
				ALWAYS_SEARCH_USER_PATHS = NO;
				CLANG_ANALYZER_NONNULL = YES;
				CLANG_CXX_LANGUAGE_STANDARD = "gnu++0x";
				CLANG_CXX_LIBRARY = "libc++";
				CLANG_ENABLE_MODULES = YES;
				CLANG_ENABLE_OBJC_ARC = YES;
				CLANG_WARN_BOOL_CONVERSION = YES;
				CLANG_WARN_CONSTANT_CONVERSION = YES;
				CLANG_WARN_DIRECT_OBJC_ISA_USAGE = YES_ERROR;
				CLANG_WARN_DOCUMENTATION_COMMENTS = YES;
				CLANG_WARN_EMPTY_BODY = YES;
				CLANG_WARN_ENUM_CONVERSION = YES;
				CLANG_WARN_INFINITE_RECURSION = YES;
				CLANG_WARN_INT_CONVERSION = YES;
				CLANG_WARN_OBJC_ROOT_CLASS = YES_ERROR;
				CLANG_WARN_SUSPICIOUS_MOVE = YES;
				CLANG_WARN_UNREACHABLE_CODE = YES;
				CLANG_WARN__DUPLICATE_METHOD_MATCH = YES;
				"CODE_SIGN_IDENTITY[sdk=iphoneos*]" = "iPhone Developer";
				COPY_PHASE_STRIP = NO;
				DEBUG_INFORMATION_FORMAT = dwarf;
				ENABLE_STRICT_OBJC_MSGSEND = YES;
				ENABLE_TESTABILITY = YES;
				GCC_C_LANGUAGE_STANDARD = gnu99;
				GCC_DYNAMIC_NO_PIC = NO;
				GCC_NO_COMMON_BLOCKS = YES;
				GCC_OPTIMIZATION_LEVEL = 0;
				GCC_PREPROCESSOR_DEFINITIONS = (
					"DEBUG=1",
					"$(inherited)",
				);
				GCC_WARN_64_TO_32_BIT_CONVERSION = YES;
				GCC_WARN_ABOUT_RETURN_TYPE = YES_ERROR;
				GCC_WARN_UNDECLARED_SELECTOR = YES;
				GCC_WARN_UNINITIALIZED_AUTOS = YES_AGGRESSIVE;
				GCC_WARN_UNUSED_FUNCTION = YES;
				GCC_WARN_UNUSED_VARIABLE = YES;
				IPHONEOS_DEPLOYMENT_TARGET = 10.2;
				MTL_ENABLE_DEBUG_INFO = YES;
				ONLY_ACTIVE_ARCH = YES;
				SDKROOT = iphoneos;
				SWIFT_ACTIVE_COMPILATION_CONDITIONS = DEBUG;
				SWIFT_OPTIMIZATION_LEVEL = "-Onone";
				TARGETED_DEVICE_FAMILY = "1,2";
			};
			name = Debug;
		};
		0EB56ADC1E6D788B0039E5CC /* Release */ = {
			isa = XCBuildConfiguration;
			buildSettings = {
				ALWAYS_SEARCH_USER_PATHS = NO;
				CLANG_ANALYZER_NONNULL = YES;
				CLANG_CXX_LANGUAGE_STANDARD = "gnu++0x";
				CLANG_CXX_LIBRARY = "libc++";
				CLANG_ENABLE_MODULES = YES;
				CLANG_ENABLE_OBJC_ARC = YES;
				CLANG_WARN_BOOL_CONVERSION = YES;
				CLANG_WARN_CONSTANT_CONVERSION = YES;
				CLANG_WARN_DIRECT_OBJC_ISA_USAGE = YES_ERROR;
				CLANG_WARN_DOCUMENTATION_COMMENTS = YES;
				CLANG_WARN_EMPTY_BODY = YES;
				CLANG_WARN_ENUM_CONVERSION = YES;
				CLANG_WARN_INFINITE_RECURSION = YES;
				CLANG_WARN_INT_CONVERSION = YES;
				CLANG_WARN_OBJC_ROOT_CLASS = YES_ERROR;
				CLANG_WARN_SUSPICIOUS_MOVE = YES;
				CLANG_WARN_UNREACHABLE_CODE = YES;
				CLANG_WARN__DUPLICATE_METHOD_MATCH = YES;
				"CODE_SIGN_IDENTITY[sdk=iphoneos*]" = "iPhone Developer";
				COPY_PHASE_STRIP = NO;
				DEBUG_INFORMATION_FORMAT = "dwarf-with-dsym";
				ENABLE_NS_ASSERTIONS = NO;
				ENABLE_STRICT_OBJC_MSGSEND = YES;
				GCC_C_LANGUAGE_STANDARD = gnu99;
				GCC_NO_COMMON_BLOCKS = YES;
				GCC_WARN_64_TO_32_BIT_CONVERSION = YES;
				GCC_WARN_ABOUT_RETURN_TYPE = YES_ERROR;
				GCC_WARN_UNDECLARED_SELECTOR = YES;
				GCC_WARN_UNINITIALIZED_AUTOS = YES_AGGRESSIVE;
				GCC_WARN_UNUSED_FUNCTION = YES;
				GCC_WARN_UNUSED_VARIABLE = YES;
				IPHONEOS_DEPLOYMENT_TARGET = 10.2;
				MTL_ENABLE_DEBUG_INFO = NO;
				SDKROOT = iphoneos;
				SWIFT_OPTIMIZATION_LEVEL = "-Owholemodule";
				TARGETED_DEVICE_FAMILY = "1,2";
				VALIDATE_PRODUCT = YES;
			};
			name = Release;
		};
		0EB56ADE1E6D788B0039E5CC /* Debug */ = {
			isa = XCBuildConfiguration;
			buildSettings = {
				ASSETCATALOG_COMPILER_APPICON_NAME = AppIcon;
				CLANG_ENABLE_MODULES = YES;
				CLANG_ENABLE_OBJC_ARC = NO;
				DEVELOPMENT_TEAM = 4NS8D3NZ2F;
				INFOPLIST_FILE = EMP/Info.plist;
				IPHONEOS_DEPLOYMENT_TARGET = 8.0;
				LD_RUNPATH_SEARCH_PATHS = "$(inherited) @executable_path/Frameworks";
				PRODUCT_BUNDLE_IDENTIFIER = Webmyne.EMP;
				PRODUCT_NAME = "$(TARGET_NAME)";
				SWIFT_OBJC_BRIDGING_HEADER = "./EMP-Bridging-Header.h";
				SWIFT_OPTIMIZATION_LEVEL = "-Onone";
				SWIFT_VERSION = 3.0;
			};
			name = Debug;
		};
		0EB56ADF1E6D788B0039E5CC /* Release */ = {
			isa = XCBuildConfiguration;
			buildSettings = {
				ASSETCATALOG_COMPILER_APPICON_NAME = AppIcon;
				CLANG_ENABLE_MODULES = YES;
				CLANG_ENABLE_OBJC_ARC = NO;
				DEVELOPMENT_TEAM = 4NS8D3NZ2F;
				INFOPLIST_FILE = EMP/Info.plist;
				IPHONEOS_DEPLOYMENT_TARGET = 8.0;
				LD_RUNPATH_SEARCH_PATHS = "$(inherited) @executable_path/Frameworks";
				PRODUCT_BUNDLE_IDENTIFIER = Webmyne.EMP;
				PRODUCT_NAME = "$(TARGET_NAME)";
				SWIFT_OBJC_BRIDGING_HEADER = "./EMP-Bridging-Header.h";
				SWIFT_VERSION = 3.0;
			};
			name = Release;
		};
		0EB56AE11E6D788B0039E5CC /* Debug */ = {
			isa = XCBuildConfiguration;
			buildSettings = {
				ALWAYS_EMBED_SWIFT_STANDARD_LIBRARIES = YES;
				BUNDLE_LOADER = "$(TEST_HOST)";
				DEVELOPMENT_TEAM = 4NS8D3NZ2F;
				INFOPLIST_FILE = EMPTests/Info.plist;
				LD_RUNPATH_SEARCH_PATHS = "$(inherited) @executable_path/Frameworks @loader_path/Frameworks";
				PRODUCT_BUNDLE_IDENTIFIER = Webmyne.EMPTests;
				PRODUCT_NAME = "$(TARGET_NAME)";
				SWIFT_VERSION = 3.0;
				TEST_HOST = "$(BUILT_PRODUCTS_DIR)/EMP.app/EMP";
			};
			name = Debug;
		};
		0EB56AE21E6D788B0039E5CC /* Release */ = {
			isa = XCBuildConfiguration;
			buildSettings = {
				ALWAYS_EMBED_SWIFT_STANDARD_LIBRARIES = YES;
				BUNDLE_LOADER = "$(TEST_HOST)";
				DEVELOPMENT_TEAM = 4NS8D3NZ2F;
				INFOPLIST_FILE = EMPTests/Info.plist;
				LD_RUNPATH_SEARCH_PATHS = "$(inherited) @executable_path/Frameworks @loader_path/Frameworks";
				PRODUCT_BUNDLE_IDENTIFIER = Webmyne.EMPTests;
				PRODUCT_NAME = "$(TARGET_NAME)";
				SWIFT_VERSION = 3.0;
				TEST_HOST = "$(BUILT_PRODUCTS_DIR)/EMP.app/EMP";
			};
			name = Release;
		};
		0EB56AE41E6D788B0039E5CC /* Debug */ = {
			isa = XCBuildConfiguration;
			buildSettings = {
				ALWAYS_EMBED_SWIFT_STANDARD_LIBRARIES = YES;
				DEVELOPMENT_TEAM = 4NS8D3NZ2F;
				INFOPLIST_FILE = EMPUITests/Info.plist;
				LD_RUNPATH_SEARCH_PATHS = "$(inherited) @executable_path/Frameworks @loader_path/Frameworks";
				PRODUCT_BUNDLE_IDENTIFIER = Webmyne.EMPUITests;
				PRODUCT_NAME = "$(TARGET_NAME)";
				SWIFT_VERSION = 3.0;
				TEST_TARGET_NAME = EMP;
			};
			name = Debug;
		};
		0EB56AE51E6D788B0039E5CC /* Release */ = {
			isa = XCBuildConfiguration;
			buildSettings = {
				ALWAYS_EMBED_SWIFT_STANDARD_LIBRARIES = YES;
				DEVELOPMENT_TEAM = 4NS8D3NZ2F;
				INFOPLIST_FILE = EMPUITests/Info.plist;
				LD_RUNPATH_SEARCH_PATHS = "$(inherited) @executable_path/Frameworks @loader_path/Frameworks";
				PRODUCT_BUNDLE_IDENTIFIER = Webmyne.EMPUITests;
				PRODUCT_NAME = "$(TARGET_NAME)";
				SWIFT_VERSION = 3.0;
				TEST_TARGET_NAME = EMP;
			};
			name = Release;
		};
/* End XCBuildConfiguration section */

/* Begin XCConfigurationList section */
		0EB56AB01E6D788B0039E5CC /* Build configuration list for PBXProject "EMP" */ = {
			isa = XCConfigurationList;
			buildConfigurations = (
				0EB56ADB1E6D788B0039E5CC /* Debug */,
				0EB56ADC1E6D788B0039E5CC /* Release */,
			);
			defaultConfigurationIsVisible = 0;
			defaultConfigurationName = Release;
		};
		0EB56ADD1E6D788B0039E5CC /* Build configuration list for PBXNativeTarget "EMP" */ = {
			isa = XCConfigurationList;
			buildConfigurations = (
				0EB56ADE1E6D788B0039E5CC /* Debug */,
				0EB56ADF1E6D788B0039E5CC /* Release */,
			);
			defaultConfigurationIsVisible = 0;
			defaultConfigurationName = Release;
		};
		0EB56AE01E6D788B0039E5CC /* Build configuration list for PBXNativeTarget "EMPTests" */ = {
			isa = XCConfigurationList;
			buildConfigurations = (
				0EB56AE11E6D788B0039E5CC /* Debug */,
				0EB56AE21E6D788B0039E5CC /* Release */,
			);
			defaultConfigurationIsVisible = 0;
			defaultConfigurationName = Release;
		};
		0EB56AE31E6D788B0039E5CC /* Build configuration list for PBXNativeTarget "EMPUITests" */ = {
			isa = XCConfigurationList;
			buildConfigurations = (
				0EB56AE41E6D788B0039E5CC /* Debug */,
				0EB56AE51E6D788B0039E5CC /* Release */,
			);
			defaultConfigurationIsVisible = 0;
			defaultConfigurationName = Release;
		};
/* End XCConfigurationList section */
	};
	rootObject = 0EB56AAD1E6D788B0039E5CC /* Project object */;
}
